%{"ex_doc": {:hex, :ex_doc, "0.6.1"},
  "excoveralls": {:git, "git://github.com/ma2gedev/excoveralls.git", "83881214a1482d5cd404008fdbdf8e4cdf76f4ed", [ref: "use_hackney"]},
  "exjsx": {:hex, :exjsx, "3.1.0"},
  "hackney": {:hex, :hackney, "1.0.2"},
  "idna": {:hex, :idna, "1.0.1"},
  "jsex": {:hex, :jsex, "2.0.0"},
  "jsx": {:hex, :jsx, "2.4.0"},
  "ssl_verify_hostname": {:hex, :ssl_verify_hostname, "1.0.0"}}
